
Microsoft Visual Studio Solution File, Format Version 12.00
# Visual Studio Version 17
VisualStudioVersion = 17.6.33829.357
MinimumVisualStudioVersion = 10.0.40219.1
Project("{FAE04EC0-301F-11D3-BF4B-00C04F79EFBC}") = "REP.Entities", "REP.Entities\REP.Entities.csproj", "{A0A8D5CC-AAFD-43E3-A66C-12CE24DF9154}"
EndProject
Project("{FAE04EC0-301F-11D3-BF4B-00C04F79EFBC}") = "REP.DataAccess", "REP.DataAccess\REP.DataAccess.csproj", "{EFE9CF99-34F6-4451-83AE-6B5685A33F03}"
EndProject
Project("{FAE04EC0-301F-11D3-BF4B-00C04F79EFBC}") = "REP.Business", "REP.Business\REP.Business.csproj", "{40F632E1-911C-4F83-B198-14FCEFFAB4B8}"
EndProject
Project("{FAE04EC0-301F-11D3-BF4B-00C04F79EFBC}") = "REP.API", "REP.API\REP.API.csproj", "{2856EA1A-ACC6-48EB-8B3D-811187406429}"
EndProject
Global
	GlobalSection(SolutionConfigurationPlatforms) = preSolution
		Debug|Any CPU = Debug|Any CPU
		Release|Any CPU = Release|Any CPU
	EndGlobalSection
	GlobalSection(ProjectConfigurationPlatforms) = postSolution
		{A0A8D5CC-AAFD-43E3-A66C-12CE24DF9154}.Debug|Any CPU.ActiveCfg = Debug|Any CPU
		{A0A8D5CC-AAFD-43E3-A66C-12CE24DF9154}.Debug|Any CPU.Build.0 = Debug|Any CPU
		{A0A8D5CC-AAFD-43E3-A66C-12CE24DF9154}.Release|Any CPU.ActiveCfg = Release|Any CPU
		{A0A8D5CC-AAFD-43E3-A66C-12CE24DF9154}.Release|Any CPU.Build.0 = Release|Any CPU
		{EFE9CF99-34F6-4451-83AE-6B5685A33F03}.Debug|Any CPU.ActiveCfg = Debug|Any CPU
		{EFE9CF99-34F6-4451-83AE-6B5685A33F03}.Debug|Any CPU.Build.0 = Debug|Any CPU
		{EFE9CF99-34F6-4451-83AE-6B5685A33F03}.Release|Any CPU.ActiveCfg = Release|Any CPU
		{EFE9CF99-34F6-4451-83AE-6B5685A33F03}.Release|Any CPU.Build.0 = Release|Any CPU
		{40F632E1-911C-4F83-B198-14FCEFFAB4B8}.Debug|Any CPU.ActiveCfg = Debug|Any CPU
		{40F632E1-911C-4F83-B198-14FCEFFAB4B8}.Debug|Any CPU.Build.0 = Debug|Any CPU
		{40F632E1-911C-4F83-B198-14FCEFFAB4B8}.Release|Any CPU.ActiveCfg = Release|Any CPU
		{40F632E1-911C-4F83-B198-14FCEFFAB4B8}.Release|Any CPU.Build.0 = Release|Any CPU
		{2856EA1A-ACC6-48EB-8B3D-811187406429}.Debug|Any CPU.ActiveCfg = Debug|Any CPU
		{2856EA1A-ACC6-48EB-8B3D-811187406429}.Debug|Any CPU.Build.0 = Debug|Any CPU
		{2856EA1A-ACC6-48EB-8B3D-811187406429}.Release|Any CPU.ActiveCfg = Release|Any CPU
		{2856EA1A-ACC6-48EB-8B3D-811187406429}.Release|Any CPU.Build.0 = Release|Any CPU
	EndGlobalSection
	GlobalSection(SolutionProperties) = preSolution
		HideSolutionNode = FALSE
	EndGlobalSection
	GlobalSection(ExtensibilityGlobals) = postSolution
		SolutionGuid = {47DA1400-2B4A-4CAF-B23F-A802AECD1075}
	EndGlobalSection
EndGlobal
